
Microsoft Visual Studio Solution File, Format Version 12.00
# Visual Studio 15
VisualStudioVersion = 15.0.28307.489
MinimumVisualStudioVersion = 10.0.40219.1
Project("{FAE04EC0-301F-11D3-BF4B-00C04F79EFBC}") = "WebsiteCongChung", "WebsiteCongChung\WebsiteCongChung.csproj", "{07B9E4A5-1088-4C4B-A683-257CBB9D9928}"
EndProject
Global
	GlobalSection(SolutionConfigurationPlatforms) = preSolution
		Debug|Any CPU = Debug|Any CPU
		Release|Any CPU = Release|Any CPU
	EndGlobalSection
	GlobalSection(ProjectConfigurationPlatforms) = postSolution
		{07B9E4A5-1088-4C4B-A683-257CBB9D9928}.Debug|Any CPU.ActiveCfg = Debug|Any CPU
		{07B9E4A5-1088-4C4B-A683-257CBB9D9928}.Debug|Any CPU.Build.0 = Debug|Any CPU
		{07B9E4A5-1088-4C4B-A683-257CBB9D9928}.Release|Any CPU.ActiveCfg = Release|Any CPU
		{07B9E4A5-1088-4C4B-A683-257CBB9D9928}.Release|Any CPU.Build.0 = Release|Any CPU
	EndGlobalSection
	GlobalSection(SolutionProperties) = preSolution
		HideSolutionNode = FALSE
	EndGlobalSection
	GlobalSection(ExtensibilityGlobals) = postSolution
		SolutionGuid = {ED5B9D74-7986-46C7-AFCE-4E807261AC8D}
	EndGlobalSection
EndGlobal
